// !$*UTF8*$!
{
	archiveVersion = 1;
	classes = {
	};
	objectVersion = 46;
	objects = {

/* Begin PBXBuildFile section */
		98C93A231DBB963E00588DFE /* controller.c in Sources */ = {isa = PBXBuildFile; fileRef = 98C93A221DBB963E00588DFE /* controller.c */; };
		98C93A2B1DBB9F1400588DFE /* main.c in Sources */ = {isa = PBXBuildFile; fileRef = 98C93A2A1DBB9F1400588DFE /* main.c */; };
		98C93A2E1DBB9FD500588DFE /* controlLoop.c in Sources */ = {isa = PBXBuildFile; fileRef = 98C93A2C1DBB9FD500588DFE /* controlLoop.c */; };
		98C93A311DBBA74A00588DFE /* vehicle.c in Sources */ = {isa = PBXBuildFile; fileRef = 98C93A2F1DBBA74A00588DFE /* vehicle.c */; };
/* End PBXBuildFile section */

/* Begin PBXCopyFilesBuildPhase section */
		98C93A1D1DBB963E00588DFE /* CopyFiles */ = {
			isa = PBXCopyFilesBuildPhase;
			buildActionMask = 2147483647;
			dstPath = /usr/share/man/man1/;
			dstSubfolderSpec = 0;
			files = (
			);
			runOnlyForDeploymentPostprocessing = 1;
		};
/* End PBXCopyFilesBuildPhase section */

/* Begin PBXFileReference section */
		98C93A1F1DBB963E00588DFE /* Controlador */ = {isa = PBXFileReference; explicitFileType = "compiled.mach-o.executable"; includeInIndex = 0; path = Controlador; sourceTree = BUILT_PRODUCTS_DIR; };
		98C93A221DBB963E00588DFE /* controller.c */ = {isa = PBXFileReference; lastKnownFileType = sourcecode.c.c; path = controller.c; sourceTree = "<group>"; };
		98C93A291DBB9E8D00588DFE /* controller.h */ = {isa = PBXFileReference; lastKnownFileType = sourcecode.c.h; path = controller.h; sourceTree = "<group>"; };
		98C93A2A1DBB9F1400588DFE /* main.c */ = {isa = PBXFileReference; fileEncoding = 4; lastKnownFileType = sourcecode.c.c; path = main.c; sourceTree = "<group>"; };
		98C93A2C1DBB9FD500588DFE /* controlLoop.c */ = {isa = PBXFileReference; fileEncoding = 4; lastKnownFileType = sourcecode.c.c; path = controlLoop.c; sourceTree = "<group>"; };
		98C93A2D1DBB9FD500588DFE /* controlLoop.h */ = {isa = PBXFileReference; fileEncoding = 4; lastKnownFileType = sourcecode.c.h; path = controlLoop.h; sourceTree = "<group>"; };
		98C93A2F1DBBA74A00588DFE /* vehicle.c */ = {isa = PBXFileReference; fileEncoding = 4; lastKnownFileType = sourcecode.c.c; path = vehicle.c; sourceTree = "<group>"; };
		98C93A301DBBA74A00588DFE /* vehicle.h */ = {isa = PBXFileReference; fileEncoding = 4; lastKnownFileType = sourcecode.c.h; path = vehicle.h; sourceTree = "<group>"; };
/* End PBXFileReference section */

/* Begin PBXFrameworksBuildPhase section */
		98C93A1C1DBB963E00588DFE /* Frameworks */ = {
			isa = PBXFrameworksBuildPhase;
			buildActionMask = 2147483647;
			files = (
			);
			runOnlyForDeploymentPostprocessing = 0;
		};
/* End PBXFrameworksBuildPhase section */

/* Begin PBXGroup section */
		98C93A161DBB963E00588DFE = {
			isa = PBXGroup;
			children = (
				98C93A211DBB963E00588DFE /* Controlador */,
				98C93A201DBB963E00588DFE /* Products */,
			);
			sourceTree = "<group>";
		};
		98C93A201DBB963E00588DFE /* Products */ = {
			isa = PBXGroup;
			children = (
				98C93A1F1DBB963E00588DFE /* Controlador */,
			);
			name = Products;
			sourceTree = "<group>";
		};
		98C93A211DBB963E00588DFE /* Controlador */ = {
			isa = PBXGroup;
			children = (
				98C93A221DBB963E00588DFE /* controller.c */,
				98C93A291DBB9E8D00588DFE /* controller.h */,
				98C93A2A1DBB9F1400588DFE /* main.c */,
				98C93A2C1DBB9FD500588DFE /* controlLoop.c */,
				98C93A2D1DBB9FD500588DFE /* controlLoop.h */,
				98C93A2F1DBBA74A00588DFE /* vehicle.c */,
				98C93A301DBBA74A00588DFE /* vehicle.h */,
			);
			path = Controlador;
			sourceTree = "<group>";
		};
/* End PBXGroup section */

/* Begin PBXNativeTarget section */
		98C93A1E1DBB963E00588DFE /* Controlador */ = {
			isa = PBXNativeTarget;
			buildConfigurationList = 98C93A261DBB963E00588DFE /* Build configuration list for PBXNativeTarget "Controlador" */;
			buildPhases = (
				98C93A1B1DBB963E00588DFE /* Sources */,
				98C93A1C1DBB963E00588DFE /* Frameworks */,
				98C93A1D1DBB963E00588DFE /* CopyFiles */,
			);
			buildRules = (
			);
			dependencies = (
			);
			name = Controlador;
			productName = Controlador;
			productReference = 98C93A1F1DBB963E00588DFE /* Controlador */;
			productType = "com.apple.product-type.tool";
		};
/* End PBXNativeTarget section */

/* Begin PBXProject section */
		98C93A171DBB963E00588DFE /* Project object */ = {
			isa = PBXProject;
			attributes = {
				LastUpgradeCheck = 0800;
				ORGANIZATIONNAME = TCC;
				TargetAttributes = {
					98C93A1E1DBB963E00588DFE = {
						CreatedOnToolsVersion = 8.0;
						ProvisioningStyle = Automatic;
					};
				};
			};
			buildConfigurationList = 98C93A1A1DBB963E00588DFE /* Build configuration list for PBXProject "Controlador" */;
			compatibilityVersion = "Xcode 3.2";
			developmentRegion = English;
			hasScannedForEncodings = 0;
			knownRegions = (
				en,
			);
			mainGroup = 98C93A161DBB963E00588DFE;
			productRefGroup = 98C93A201DBB963E00588DFE /* Products */;
			projectDirPath = "";
			projectRoot = "";
			targets = (
				98C93A1E1DBB963E00588DFE /* Controlador */,
			);
		};
/* End PBXProject section */

/* Begin PBXSourcesBuildPhase section */
		98C93A1B1DBB963E00588DFE /* Sources */ = {
			isa = PBXSourcesBuildPhase;
			buildActionMask = 2147483647;
			files = (
				98C93A2B1DBB9F1400588DFE /* main.c in Sources */,
				98C93A231DBB963E00588DFE /* controller.c in Sources */,
				98C93A311DBBA74A00588DFE /* vehicle.c in Sources */,
				98C93A2E1DBB9FD500588DFE /* controlLoop.c in Sources */,
			);
			runOnlyForDeploymentPostprocessing = 0;
		};
/* End PBXSourcesBuildPhase section */

/* Begin XCBuildConfiguration section */
		98C93A241DBB963E00588DFE /* Debug */ = {
			isa = XCBuildConfiguration;
			buildSettings = {
				ALWAYS_SEARCH_USER_PATHS = NO;
				CLANG_ANALYZER_NONNULL = YES;
				CLANG_CXX_LANGUAGE_STANDARD = "gnu++0x";
				CLANG_CXX_LIBRARY = "libc++";
				CLANG_ENABLE_MODULES = YES;
				CLANG_ENABLE_OBJC_ARC = YES;
				CLANG_WARN_BOOL_CONVERSION = YES;
				CLANG_WARN_CONSTANT_CONVERSION = YES;
				CLANG_WARN_DIRECT_OBJC_ISA_USAGE = YES_ERROR;
				CLANG_WARN_DOCUMENTATION_COMMENTS = YES;
				CLANG_WARN_EMPTY_BODY = YES;
				CLANG_WARN_ENUM_CONVERSION = YES;
				CLANG_WARN_INFINITE_RECURSION = YES;
				CLANG_WARN_INT_CONVERSION = YES;
				CLANG_WARN_OBJC_ROOT_CLASS = YES_ERROR;
				CLANG_WARN_SUSPICIOUS_MOVES = YES;
				CLANG_WARN_UNREACHABLE_CODE = YES;
				CLANG_WARN__DUPLICATE_METHOD_MATCH = YES;
				CODE_SIGN_IDENTITY = "-";
				COPY_PHASE_STRIP = NO;
				DEBUG_INFORMATION_FORMAT = dwarf;
				ENABLE_STRICT_OBJC_MSGSEND = YES;
				ENABLE_TESTABILITY = YES;
				GCC_C_LANGUAGE_STANDARD = gnu99;
				GCC_DYNAMIC_NO_PIC = NO;
				GCC_NO_COMMON_BLOCKS = YES;
				GCC_OPTIMIZATION_LEVEL = 0;
				GCC_PREPROCESSOR_DEFINITIONS = (
					"DEBUG=1",
					"$(inherited)",
				);
				GCC_WARN_64_TO_32_BIT_CONVERSION = YES;
				GCC_WARN_ABOUT_RETURN_TYPE = YES_ERROR;
				GCC_WARN_UNDECLARED_SELECTOR = YES;
				GCC_WARN_UNINITIALIZED_AUTOS = YES_AGGRESSIVE;
				GCC_WARN_UNUSED_FUNCTION = YES;
				GCC_WARN_UNUSED_VARIABLE = YES;
				MACOSX_DEPLOYMENT_TARGET = 10.11;
				MTL_ENABLE_DEBUG_INFO = YES;
				ONLY_ACTIVE_ARCH = YES;
				SDKROOT = macosx;
			};
			name = Debug;
		};
		98C93A251DBB963E00588DFE /* Release */ = {
			isa = XCBuildConfiguration;
			buildSettings = {
				ALWAYS_SEARCH_USER_PATHS = NO;
				CLANG_ANALYZER_NONNULL = YES;
				CLANG_CXX_LANGUAGE_STANDARD = "gnu++0x";
				CLANG_CXX_LIBRARY = "libc++";
				CLANG_ENABLE_MODULES = YES;
				CLANG_ENABLE_OBJC_ARC = YES;
				CLANG_WARN_BOOL_CONVERSION = YES;
				CLANG_WARN_CONSTANT_CONVERSION = YES;
				CLANG_WARN_DIRECT_OBJC_ISA_USAGE = YES_ERROR;
				CLANG_WARN_DOCUMENTATION_COMMENTS = YES;
				CLANG_WARN_EMPTY_BODY = YES;
				CLANG_WARN_ENUM_CONVERSION = YES;
				CLANG_WARN_INFINITE_RECURSION = YES;
				CLANG_WARN_INT_CONVERSION = YES;
				CLANG_WARN_OBJC_ROOT_CLASS = YES_ERROR;
				CLANG_WARN_SUSPICIOUS_MOVES = YES;
				CLANG_WARN_UNREACHABLE_CODE = YES;
				CLANG_WARN__DUPLICATE_METHOD_MATCH = YES;
				CODE_SIGN_IDENTITY = "-";
				COPY_PHASE_STRIP = NO;
				DEBUG_INFORMATION_FORMAT = "dwarf-with-dsym";
				ENABLE_NS_ASSERTIONS = NO;
				ENABLE_STRICT_OBJC_MSGSEND = YES;
				GCC_C_LANGUAGE_STANDARD = gnu99;
				GCC_NO_COMMON_BLOCKS = YES;
				GCC_WARN_64_TO_32_BIT_CONVERSION = YES;
				GCC_WARN_ABOUT_RETURN_TYPE = YES_ERROR;
				GCC_WARN_UNDECLARED_SELECTOR = YES;
				GCC_WARN_UNINITIALIZED_AUTOS = YES_AGGRESSIVE;
				GCC_WARN_UNUSED_FUNCTION = YES;
				GCC_WARN_UNUSED_VARIABLE = YES;
				MACOSX_DEPLOYMENT_TARGET = 10.11;
				MTL_ENABLE_DEBUG_INFO = NO;
				SDKROOT = macosx;
			};
			name = Release;
		};
		98C93A271DBB963E00588DFE /* Debug */ = {
			isa = XCBuildConfiguration;
			buildSettings = {
				PRODUCT_NAME = "$(TARGET_NAME)";
			};
			name = Debug;
		};
		98C93A281DBB963E00588DFE /* Release */ = {
			isa = XCBuildConfiguration;
			buildSettings = {
				PRODUCT_NAME = "$(TARGET_NAME)";
			};
			name = Release;
		};
/* End XCBuildConfiguration section */

/* Begin XCConfigurationList section */
		98C93A1A1DBB963E00588DFE /* Build configuration list for PBXProject "Controlador" */ = {
			isa = XCConfigurationList;
			buildConfigurations = (
				98C93A241DBB963E00588DFE /* Debug */,
				98C93A251DBB963E00588DFE /* Release */,
			);
			defaultConfigurationIsVisible = 0;
			defaultConfigurationName = Release;
		};
		98C93A261DBB963E00588DFE /* Build configuration list for PBXNativeTarget "Controlador" */ = {
			isa = XCConfigurationList;
			buildConfigurations = (
				98C93A271DBB963E00588DFE /* Debug */,
				98C93A281DBB963E00588DFE /* Release */,
			);
			defaultConfigurationIsVisible = 0;
		};
/* End XCConfigurationList section */
	};
	rootObject = 98C93A171DBB963E00588DFE /* Project object */;
}
