// !$*UTF8*$!
{
	archiveVersion = 1;
	classes = {
	};
	objectVersion = 46;
	objects = {

/* Begin PBXBuildFile section */
		985517B41D178A2900348069 /* ContinentalUDPClient.c in Sources */ = {isa = PBXBuildFile; fileRef = 985517B21D178A2900348069 /* ContinentalUDPClient.c */; };
		985517B71D178AB000348069 /* Common.c in Sources */ = {isa = PBXBuildFile; fileRef = 985517B51D178AB000348069 /* Common.c */; };
		98FF45931D133B0600062A40 /* main.c in Sources */ = {isa = PBXBuildFile; fileRef = 98FF45921D133B0600062A40 /* main.c */; };
		98FF459B1D133B2F00062A40 /* ContinentalStruct.c in Sources */ = {isa = PBXBuildFile; fileRef = 98FF45991D133B2F00062A40 /* ContinentalStruct.c */; };
/* End PBXBuildFile section */

/* Begin PBXCopyFilesBuildPhase section */
		98FF458D1D133B0600062A40 /* CopyFiles */ = {
			isa = PBXCopyFilesBuildPhase;
			buildActionMask = 2147483647;
			dstPath = /usr/share/man/man1/;
			dstSubfolderSpec = 0;
			files = (
			);
			runOnlyForDeploymentPostprocessing = 1;
		};
/* End PBXCopyFilesBuildPhase section */

/* Begin PBXFileReference section */
		985517B21D178A2900348069 /* ContinentalUDPClient.c */ = {isa = PBXFileReference; fileEncoding = 4; lastKnownFileType = sourcecode.c.c; path = ContinentalUDPClient.c; sourceTree = "<group>"; };
		985517B31D178A2900348069 /* ContinentalUDPClient.h */ = {isa = PBXFileReference; fileEncoding = 4; lastKnownFileType = sourcecode.c.h; path = ContinentalUDPClient.h; sourceTree = "<group>"; };
		985517B51D178AB000348069 /* Common.c */ = {isa = PBXFileReference; fileEncoding = 4; lastKnownFileType = sourcecode.c.c; path = Common.c; sourceTree = "<group>"; };
		985517B61D178AB000348069 /* Common.h */ = {isa = PBXFileReference; fileEncoding = 4; lastKnownFileType = sourcecode.c.h; path = Common.h; sourceTree = "<group>"; };
		98FF458F1D133B0600062A40 /* Continental-Simulator */ = {isa = PBXFileReference; explicitFileType = "compiled.mach-o.executable"; includeInIndex = 0; path = "Continental-Simulator"; sourceTree = BUILT_PRODUCTS_DIR; };
		98FF45921D133B0600062A40 /* main.c */ = {isa = PBXFileReference; lastKnownFileType = sourcecode.c.c; path = main.c; sourceTree = "<group>"; };
		98FF45991D133B2F00062A40 /* ContinentalStruct.c */ = {isa = PBXFileReference; fileEncoding = 4; lastKnownFileType = sourcecode.c.c; path = ContinentalStruct.c; sourceTree = "<group>"; };
		98FF459A1D133B2F00062A40 /* ContinentalStruct.h */ = {isa = PBXFileReference; fileEncoding = 4; lastKnownFileType = sourcecode.c.h; path = ContinentalStruct.h; sourceTree = "<group>"; };
/* End PBXFileReference section */

/* Begin PBXFrameworksBuildPhase section */
		98FF458C1D133B0600062A40 /* Frameworks */ = {
			isa = PBXFrameworksBuildPhase;
			buildActionMask = 2147483647;
			files = (
			);
			runOnlyForDeploymentPostprocessing = 0;
		};
/* End PBXFrameworksBuildPhase section */

/* Begin PBXGroup section */
		98FF45861D133B0600062A40 = {
			isa = PBXGroup;
			children = (
				98FF45911D133B0600062A40 /* Continental-Simulator */,
				98FF45901D133B0600062A40 /* Products */,
			);
			sourceTree = "<group>";
		};
		98FF45901D133B0600062A40 /* Products */ = {
			isa = PBXGroup;
			children = (
				98FF458F1D133B0600062A40 /* Continental-Simulator */,
			);
			name = Products;
			sourceTree = "<group>";
		};
		98FF45911D133B0600062A40 /* Continental-Simulator */ = {
			isa = PBXGroup;
			children = (
				98FF45921D133B0600062A40 /* main.c */,
				98FF45991D133B2F00062A40 /* ContinentalStruct.c */,
				98FF459A1D133B2F00062A40 /* ContinentalStruct.h */,
				985517B21D178A2900348069 /* ContinentalUDPClient.c */,
				985517B31D178A2900348069 /* ContinentalUDPClient.h */,
				985517B51D178AB000348069 /* Common.c */,
				985517B61D178AB000348069 /* Common.h */,
			);
			path = "Continental-Simulator";
			sourceTree = "<group>";
		};
/* End PBXGroup section */

/* Begin PBXNativeTarget section */
		98FF458E1D133B0600062A40 /* Continental-Simulator */ = {
			isa = PBXNativeTarget;
			buildConfigurationList = 98FF45961D133B0600062A40 /* Build configuration list for PBXNativeTarget "Continental-Simulator" */;
			buildPhases = (
				98FF458B1D133B0600062A40 /* Sources */,
				98FF458C1D133B0600062A40 /* Frameworks */,
				98FF458D1D133B0600062A40 /* CopyFiles */,
			);
			buildRules = (
			);
			dependencies = (
			);
			name = "Continental-Simulator";
			productName = "Continental-Simulator";
			productReference = 98FF458F1D133B0600062A40 /* Continental-Simulator */;
			productType = "com.apple.product-type.tool";
		};
/* End PBXNativeTarget section */

/* Begin PBXProject section */
		98FF45871D133B0600062A40 /* Project object */ = {
			isa = PBXProject;
			attributes = {
				LastUpgradeCheck = 0730;
				ORGANIZATIONNAME = "Victor Maraccini";
				TargetAttributes = {
					98FF458E1D133B0600062A40 = {
						CreatedOnToolsVersion = 7.3.1;
					};
				};
			};
			buildConfigurationList = 98FF458A1D133B0600062A40 /* Build configuration list for PBXProject "Continental-Simulator" */;
			compatibilityVersion = "Xcode 3.2";
			developmentRegion = English;
			hasScannedForEncodings = 0;
			knownRegions = (
				en,
			);
			mainGroup = 98FF45861D133B0600062A40;
			productRefGroup = 98FF45901D133B0600062A40 /* Products */;
			projectDirPath = "";
			projectRoot = "";
			targets = (
				98FF458E1D133B0600062A40 /* Continental-Simulator */,
			);
		};
/* End PBXProject section */

/* Begin PBXSourcesBuildPhase section */
		98FF458B1D133B0600062A40 /* Sources */ = {
			isa = PBXSourcesBuildPhase;
			buildActionMask = 2147483647;
			files = (
				985517B41D178A2900348069 /* ContinentalUDPClient.c in Sources */,
				98FF459B1D133B2F00062A40 /* ContinentalStruct.c in Sources */,
				985517B71D178AB000348069 /* Common.c in Sources */,
				98FF45931D133B0600062A40 /* main.c in Sources */,
			);
			runOnlyForDeploymentPostprocessing = 0;
		};
/* End PBXSourcesBuildPhase section */

/* Begin XCBuildConfiguration section */
		98FF45941D133B0600062A40 /* Debug */ = {
			isa = XCBuildConfiguration;
			buildSettings = {
				ALWAYS_SEARCH_USER_PATHS = NO;
				CLANG_ANALYZER_NONNULL = YES;
				CLANG_CXX_LANGUAGE_STANDARD = "gnu++0x";
				CLANG_CXX_LIBRARY = "libc++";
				CLANG_ENABLE_MODULES = YES;
				CLANG_ENABLE_OBJC_ARC = YES;
				CLANG_WARN_BOOL_CONVERSION = YES;
				CLANG_WARN_CONSTANT_CONVERSION = YES;
				CLANG_WARN_DIRECT_OBJC_ISA_USAGE = YES_ERROR;
				CLANG_WARN_EMPTY_BODY = YES;
				CLANG_WARN_ENUM_CONVERSION = YES;
				CLANG_WARN_INT_CONVERSION = YES;
				CLANG_WARN_OBJC_ROOT_CLASS = YES_ERROR;
				CLANG_WARN_UNREACHABLE_CODE = YES;
				CLANG_WARN__DUPLICATE_METHOD_MATCH = YES;
				CODE_SIGN_IDENTITY = "-";
				COPY_PHASE_STRIP = NO;
				DEBUG_INFORMATION_FORMAT = dwarf;
				ENABLE_STRICT_OBJC_MSGSEND = YES;
				ENABLE_TESTABILITY = YES;
				GCC_C_LANGUAGE_STANDARD = gnu99;
				GCC_DYNAMIC_NO_PIC = NO;
				GCC_NO_COMMON_BLOCKS = YES;
				GCC_OPTIMIZATION_LEVEL = 0;
				GCC_PREPROCESSOR_DEFINITIONS = (
					"DEBUG=1",
					"$(inherited)",
				);
				GCC_WARN_64_TO_32_BIT_CONVERSION = YES;
				GCC_WARN_ABOUT_RETURN_TYPE = YES_ERROR;
				GCC_WARN_UNDECLARED_SELECTOR = YES;
				GCC_WARN_UNINITIALIZED_AUTOS = YES_AGGRESSIVE;
				GCC_WARN_UNUSED_FUNCTION = YES;
				GCC_WARN_UNUSED_VARIABLE = YES;
				MACOSX_DEPLOYMENT_TARGET = 10.11;
				MTL_ENABLE_DEBUG_INFO = YES;
				ONLY_ACTIVE_ARCH = YES;
				SDKROOT = macosx;
			};
			name = Debug;
		};
		98FF45951D133B0600062A40 /* Release */ = {
			isa = XCBuildConfiguration;
			buildSettings = {
				ALWAYS_SEARCH_USER_PATHS = NO;
				CLANG_ANALYZER_NONNULL = YES;
				CLANG_CXX_LANGUAGE_STANDARD = "gnu++0x";
				CLANG_CXX_LIBRARY = "libc++";
				CLANG_ENABLE_MODULES = YES;
				CLANG_ENABLE_OBJC_ARC = YES;
				CLANG_WARN_BOOL_CONVERSION = YES;
				CLANG_WARN_CONSTANT_CONVERSION = YES;
				CLANG_WARN_DIRECT_OBJC_ISA_USAGE = YES_ERROR;
				CLANG_WARN_EMPTY_BODY = YES;
				CLANG_WARN_ENUM_CONVERSION = YES;
				CLANG_WARN_INT_CONVERSION = YES;
				CLANG_WARN_OBJC_ROOT_CLASS = YES_ERROR;
				CLANG_WARN_UNREACHABLE_CODE = YES;
				CLANG_WARN__DUPLICATE_METHOD_MATCH = YES;
				CODE_SIGN_IDENTITY = "-";
				COPY_PHASE_STRIP = NO;
				DEBUG_INFORMATION_FORMAT = "dwarf-with-dsym";
				ENABLE_NS_ASSERTIONS = NO;
				ENABLE_STRICT_OBJC_MSGSEND = YES;
				GCC_C_LANGUAGE_STANDARD = gnu99;
				GCC_NO_COMMON_BLOCKS = YES;
				GCC_WARN_64_TO_32_BIT_CONVERSION = YES;
				GCC_WARN_ABOUT_RETURN_TYPE = YES_ERROR;
				GCC_WARN_UNDECLARED_SELECTOR = YES;
				GCC_WARN_UNINITIALIZED_AUTOS = YES_AGGRESSIVE;
				GCC_WARN_UNUSED_FUNCTION = YES;
				GCC_WARN_UNUSED_VARIABLE = YES;
				MACOSX_DEPLOYMENT_TARGET = 10.11;
				MTL_ENABLE_DEBUG_INFO = NO;
				SDKROOT = macosx;
			};
			name = Release;
		};
		98FF45971D133B0600062A40 /* Debug */ = {
			isa = XCBuildConfiguration;
			buildSettings = {
				PRODUCT_NAME = "$(TARGET_NAME)";
			};
			name = Debug;
		};
		98FF45981D133B0600062A40 /* Release */ = {
			isa = XCBuildConfiguration;
			buildSettings = {
				PRODUCT_NAME = "$(TARGET_NAME)";
			};
			name = Release;
		};
/* End XCBuildConfiguration section */

/* Begin XCConfigurationList section */
		98FF458A1D133B0600062A40 /* Build configuration list for PBXProject "Continental-Simulator" */ = {
			isa = XCConfigurationList;
			buildConfigurations = (
				98FF45941D133B0600062A40 /* Debug */,
				98FF45951D133B0600062A40 /* Release */,
			);
			defaultConfigurationIsVisible = 0;
			defaultConfigurationName = Release;
		};
		98FF45961D133B0600062A40 /* Build configuration list for PBXNativeTarget "Continental-Simulator" */ = {
			isa = XCConfigurationList;
			buildConfigurations = (
				98FF45971D133B0600062A40 /* Debug */,
				98FF45981D133B0600062A40 /* Release */,
			);
			defaultConfigurationIsVisible = 0;
			defaultConfigurationName = Release;
		};
/* End XCConfigurationList section */
	};
	rootObject = 98FF45871D133B0600062A40 /* Project object */;
}
